// !$*UTF8*$!
{
	archiveVersion = 1;
	classes = {
	};
	objectVersion = 46;
	objects = {

/* Begin PBXBuildFile section */
		39EA8F191AB127DB001F9B79 /* main.m in Sources */ = {isa = PBXBuildFile; fileRef = 39EA8F181AB127DB001F9B79 /* main.m */; };
		39EA8F1C1AB127DB001F9B79 /* AppDelegate.m in Sources */ = {isa = PBXBuildFile; fileRef = 39EA8F1B1AB127DB001F9B79 /* AppDelegate.m */; };
		39EA8F1F1AB127DB001F9B79 /* MasterViewController.m in Sources */ = {isa = PBXBuildFile; fileRef = 39EA8F1E1AB127DB001F9B79 /* MasterViewController.m */; };
		39EA8F221AB127DB001F9B79 /* DetailViewController.m in Sources */ = {isa = PBXBuildFile; fileRef = 39EA8F211AB127DB001F9B79 /* DetailViewController.m */; };
		39EA8F251AB127DB001F9B79 /* Main.storyboard in Resources */ = {isa = PBXBuildFile; fileRef = 39EA8F231AB127DB001F9B79 /* Main.storyboard */; };
		39EA8F271AB127DB001F9B79 /* Images.xcassets in Resources */ = {isa = PBXBuildFile; fileRef = 39EA8F261AB127DB001F9B79 /* Images.xcassets */; };
		39EA8F2A1AB127DB001F9B79 /* LaunchScreen.xib in Resources */ = {isa = PBXBuildFile; fileRef = 39EA8F281AB127DB001F9B79 /* LaunchScreen.xib */; };
		39EA8F361AB127DB001F9B79 /* BLEDemoTests.m in Sources */ = {isa = PBXBuildFile; fileRef = 39EA8F351AB127DB001F9B79 /* BLEDemoTests.m */; };
/* End PBXBuildFile section */

/* Begin PBXContainerItemProxy section */
		39EA8F301AB127DB001F9B79 /* PBXContainerItemProxy */ = {
			isa = PBXContainerItemProxy;
			containerPortal = 39EA8F0B1AB127DB001F9B79 /* Project object */;
			proxyType = 1;
			remoteGlobalIDString = 39EA8F121AB127DB001F9B79;
			remoteInfo = BLEDemo;
		};
/* End PBXContainerItemProxy section */

/* Begin PBXFileReference section */
		39EA8F131AB127DB001F9B79 /* BLEDemo.app */ = {isa = PBXFileReference; explicitFileType = wrapper.application; includeInIndex = 0; path = BLEDemo.app; sourceTree = BUILT_PRODUCTS_DIR; };
		39EA8F171AB127DB001F9B79 /* Info.plist */ = {isa = PBXFileReference; lastKnownFileType = text.plist.xml; path = Info.plist; sourceTree = "<group>"; };
		39EA8F181AB127DB001F9B79 /* main.m */ = {isa = PBXFileReference; lastKnownFileType = sourcecode.c.objc; path = main.m; sourceTree = "<group>"; };
		39EA8F1A1AB127DB001F9B79 /* AppDelegate.h */ = {isa = PBXFileReference; lastKnownFileType = sourcecode.c.h; path = AppDelegate.h; sourceTree = "<group>"; };
		39EA8F1B1AB127DB001F9B79 /* AppDelegate.m */ = {isa = PBXFileReference; lastKnownFileType = sourcecode.c.objc; path = AppDelegate.m; sourceTree = "<group>"; };
		39EA8F1D1AB127DB001F9B79 /* MasterViewController.h */ = {isa = PBXFileReference; lastKnownFileType = sourcecode.c.h; path = MasterViewController.h; sourceTree = "<group>"; };
		39EA8F1E1AB127DB001F9B79 /* MasterViewController.m */ = {isa = PBXFileReference; lastKnownFileType = sourcecode.c.objc; path = MasterViewController.m; sourceTree = "<group>"; };
		39EA8F201AB127DB001F9B79 /* DetailViewController.h */ = {isa = PBXFileReference; lastKnownFileType = sourcecode.c.h; path = DetailViewController.h; sourceTree = "<group>"; };
		39EA8F211AB127DB001F9B79 /* DetailViewController.m */ = {isa = PBXFileReference; lastKnownFileType = sourcecode.c.objc; path = DetailViewController.m; sourceTree = "<group>"; };
		39EA8F241AB127DB001F9B79 /* Base */ = {isa = PBXFileReference; lastKnownFileType = file.storyboard; name = Base; path = Base.lproj/Main.storyboard; sourceTree = "<group>"; };
		39EA8F261AB127DB001F9B79 /* Images.xcassets */ = {isa = PBXFileReference; lastKnownFileType = folder.assetcatalog; path = Images.xcassets; sourceTree = "<group>"; };
		39EA8F291AB127DB001F9B79 /* Base */ = {isa = PBXFileReference; lastKnownFileType = file.xib; name = Base; path = Base.lproj/LaunchScreen.xib; sourceTree = "<group>"; };
		39EA8F2F1AB127DB001F9B79 /* BLEDemoTests.xctest */ = {isa = PBXFileReference; explicitFileType = wrapper.cfbundle; includeInIndex = 0; path = BLEDemoTests.xctest; sourceTree = BUILT_PRODUCTS_DIR; };
		39EA8F341AB127DB001F9B79 /* Info.plist */ = {isa = PBXFileReference; lastKnownFileType = text.plist.xml; path = Info.plist; sourceTree = "<group>"; };
		39EA8F351AB127DB001F9B79 /* BLEDemoTests.m */ = {isa = PBXFileReference; lastKnownFileType = sourcecode.c.objc; path = BLEDemoTests.m; sourceTree = "<group>"; };
/* End PBXFileReference section */

/* Begin PBXFrameworksBuildPhase section */
		39EA8F101AB127DB001F9B79 /* Frameworks */ = {
			isa = PBXFrameworksBuildPhase;
			buildActionMask = 2147483647;
			files = (
			);
			runOnlyForDeploymentPostprocessing = 0;
		};
		39EA8F2C1AB127DB001F9B79 /* Frameworks */ = {
			isa = PBXFrameworksBuildPhase;
			buildActionMask = 2147483647;
			files = (
			);
			runOnlyForDeploymentPostprocessing = 0;
		};
/* End PBXFrameworksBuildPhase section */

/* Begin PBXGroup section */
		39EA8F0A1AB127DB001F9B79 = {
			isa = PBXGroup;
			children = (
				39EA8F151AB127DB001F9B79 /* BLEDemo */,
				39EA8F321AB127DB001F9B79 /* BLEDemoTests */,
				39EA8F141AB127DB001F9B79 /* Products */,
			);
			sourceTree = "<group>";
		};
		39EA8F141AB127DB001F9B79 /* Products */ = {
			isa = PBXGroup;
			children = (
				39EA8F131AB127DB001F9B79 /* BLEDemo.app */,
				39EA8F2F1AB127DB001F9B79 /* BLEDemoTests.xctest */,
			);
			name = Products;
			sourceTree = "<group>";
		};
		39EA8F151AB127DB001F9B79 /* BLEDemo */ = {
			isa = PBXGroup;
			children = (
				39EA8F1A1AB127DB001F9B79 /* AppDelegate.h */,
				39EA8F1B1AB127DB001F9B79 /* AppDelegate.m */,
				39EA8F1D1AB127DB001F9B79 /* MasterViewController.h */,
				39EA8F1E1AB127DB001F9B79 /* MasterViewController.m */,
				39EA8F201AB127DB001F9B79 /* DetailViewController.h */,
				39EA8F211AB127DB001F9B79 /* DetailViewController.m */,
				39EA8F231AB127DB001F9B79 /* Main.storyboard */,
				39EA8F261AB127DB001F9B79 /* Images.xcassets */,
				39EA8F281AB127DB001F9B79 /* LaunchScreen.xib */,
				39EA8F161AB127DB001F9B79 /* Supporting Files */,
			);
			path = BLEDemo;
			sourceTree = "<group>";
		};
		39EA8F161AB127DB001F9B79 /* Supporting Files */ = {
			isa = PBXGroup;
			children = (
				39EA8F171AB127DB001F9B79 /* Info.plist */,
				39EA8F181AB127DB001F9B79 /* main.m */,
			);
			name = "Supporting Files";
			sourceTree = "<group>";
		};
		39EA8F321AB127DB001F9B79 /* BLEDemoTests */ = {
			isa = PBXGroup;
			children = (
				39EA8F351AB127DB001F9B79 /* BLEDemoTests.m */,
				39EA8F331AB127DB001F9B79 /* Supporting Files */,
			);
			path = BLEDemoTests;
			sourceTree = "<group>";
		};
		39EA8F331AB127DB001F9B79 /* Supporting Files */ = {
			isa = PBXGroup;
			children = (
				39EA8F341AB127DB001F9B79 /* Info.plist */,
			);
			name = "Supporting Files";
			sourceTree = "<group>";
		};
/* End PBXGroup section */

/* Begin PBXNativeTarget section */
		39EA8F121AB127DB001F9B79 /* BLEDemo */ = {
			isa = PBXNativeTarget;
			buildConfigurationList = 39EA8F391AB127DB001F9B79 /* Build configuration list for PBXNativeTarget "BLEDemo" */;
			buildPhases = (
				39EA8F0F1AB127DB001F9B79 /* Sources */,
				39EA8F101AB127DB001F9B79 /* Frameworks */,
				39EA8F111AB127DB001F9B79 /* Resources */,
			);
			buildRules = (
			);
			dependencies = (
			);
			name = BLEDemo;
			productName = BLEDemo;
			productReference = 39EA8F131AB127DB001F9B79 /* BLEDemo.app */;
			productType = "com.apple.product-type.application";
		};
		39EA8F2E1AB127DB001F9B79 /* BLEDemoTests */ = {
			isa = PBXNativeTarget;
			buildConfigurationList = 39EA8F3C1AB127DB001F9B79 /* Build configuration list for PBXNativeTarget "BLEDemoTests" */;
			buildPhases = (
				39EA8F2B1AB127DB001F9B79 /* Sources */,
				39EA8F2C1AB127DB001F9B79 /* Frameworks */,
				39EA8F2D1AB127DB001F9B79 /* Resources */,
			);
			buildRules = (
			);
			dependencies = (
				39EA8F311AB127DB001F9B79 /* PBXTargetDependency */,
			);
			name = BLEDemoTests;
			productName = BLEDemoTests;
			productReference = 39EA8F2F1AB127DB001F9B79 /* BLEDemoTests.xctest */;
			productType = "com.apple.product-type.bundle.unit-test";
		};
/* End PBXNativeTarget section */

/* Begin PBXProject section */
		39EA8F0B1AB127DB001F9B79 /* Project object */ = {
			isa = PBXProject;
			attributes = {
				LastUpgradeCheck = 0620;
				ORGANIZATIONNAME = "Industrias Vanderdroid SAPI de CV";
				TargetAttributes = {
					39EA8F121AB127DB001F9B79 = {
						CreatedOnToolsVersion = 6.2;
					};
					39EA8F2E1AB127DB001F9B79 = {
						CreatedOnToolsVersion = 6.2;
						TestTargetID = 39EA8F121AB127DB001F9B79;
					};
				};
			};
			buildConfigurationList = 39EA8F0E1AB127DB001F9B79 /* Build configuration list for PBXProject "BLEDemo" */;
			compatibilityVersion = "Xcode 3.2";
			developmentRegion = English;
			hasScannedForEncodings = 0;
			knownRegions = (
				en,
				Base,
			);
			mainGroup = 39EA8F0A1AB127DB001F9B79;
			productRefGroup = 39EA8F141AB127DB001F9B79 /* Products */;
			projectDirPath = "";
			projectRoot = "";
			targets = (
				39EA8F121AB127DB001F9B79 /* BLEDemo */,
				39EA8F2E1AB127DB001F9B79 /* BLEDemoTests */,
			);
		};
/* End PBXProject section */

/* Begin PBXResourcesBuildPhase section */
		39EA8F111AB127DB001F9B79 /* Resources */ = {
			isa = PBXResourcesBuildPhase;
			buildActionMask = 2147483647;
			files = (
				39EA8F251AB127DB001F9B79 /* Main.storyboard in Resources */,
				39EA8F2A1AB127DB001F9B79 /* LaunchScreen.xib in Resources */,
				39EA8F271AB127DB001F9B79 /* Images.xcassets in Resources */,
			);
			runOnlyForDeploymentPostprocessing = 0;
		};
		39EA8F2D1AB127DB001F9B79 /* Resources */ = {
			isa = PBXResourcesBuildPhase;
			buildActionMask = 2147483647;
			files = (
			);
			runOnlyForDeploymentPostprocessing = 0;
		};
/* End PBXResourcesBuildPhase section */

/* Begin PBXSourcesBuildPhase section */
		39EA8F0F1AB127DB001F9B79 /* Sources */ = {
			isa = PBXSourcesBuildPhase;
			buildActionMask = 2147483647;
			files = (
				39EA8F1C1AB127DB001F9B79 /* AppDelegate.m in Sources */,
				39EA8F1F1AB127DB001F9B79 /* MasterViewController.m in Sources */,
				39EA8F191AB127DB001F9B79 /* main.m in Sources */,
				39EA8F221AB127DB001F9B79 /* DetailViewController.m in Sources */,
			);
			runOnlyForDeploymentPostprocessing = 0;
		};
		39EA8F2B1AB127DB001F9B79 /* Sources */ = {
			isa = PBXSourcesBuildPhase;
			buildActionMask = 2147483647;
			files = (
				39EA8F361AB127DB001F9B79 /* BLEDemoTests.m in Sources */,
			);
			runOnlyForDeploymentPostprocessing = 0;
		};
/* End PBXSourcesBuildPhase section */

/* Begin PBXTargetDependency section */
		39EA8F311AB127DB001F9B79 /* PBXTargetDependency */ = {
			isa = PBXTargetDependency;
			target = 39EA8F121AB127DB001F9B79 /* BLEDemo */;
			targetProxy = 39EA8F301AB127DB001F9B79 /* PBXContainerItemProxy */;
		};
/* End PBXTargetDependency section */

/* Begin PBXVariantGroup section */
		39EA8F231AB127DB001F9B79 /* Main.storyboard */ = {
			isa = PBXVariantGroup;
			children = (
				39EA8F241AB127DB001F9B79 /* Base */,
			);
			name = Main.storyboard;
			sourceTree = "<group>";
		};
		39EA8F281AB127DB001F9B79 /* LaunchScreen.xib */ = {
			isa = PBXVariantGroup;
			children = (
				39EA8F291AB127DB001F9B79 /* Base */,
			);
			name = LaunchScreen.xib;
			sourceTree = "<group>";
		};
/* End PBXVariantGroup section */

/* Begin XCBuildConfiguration section */
		39EA8F371AB127DB001F9B79 /* Debug */ = {
			isa = XCBuildConfiguration;
			buildSettings = {
				ALWAYS_SEARCH_USER_PATHS = NO;
				CLANG_CXX_LANGUAGE_STANDARD = "gnu++0x";
				CLANG_CXX_LIBRARY = "libc++";
				CLANG_ENABLE_MODULES = YES;
				CLANG_ENABLE_OBJC_ARC = YES;
				CLANG_WARN_BOOL_CONVERSION = YES;
				CLANG_WARN_CONSTANT_CONVERSION = YES;
				CLANG_WARN_DIRECT_OBJC_ISA_USAGE = YES_ERROR;
				CLANG_WARN_EMPTY_BODY = YES;
				CLANG_WARN_ENUM_CONVERSION = YES;
				CLANG_WARN_INT_CONVERSION = YES;
				CLANG_WARN_OBJC_ROOT_CLASS = YES_ERROR;
				CLANG_WARN_UNREACHABLE_CODE = YES;
				CLANG_WARN__DUPLICATE_METHOD_MATCH = YES;
				"CODE_SIGN_IDENTITY[sdk=iphoneos*]" = "iPhone Developer";
				COPY_PHASE_STRIP = NO;
				ENABLE_STRICT_OBJC_MSGSEND = YES;
				GCC_C_LANGUAGE_STANDARD = gnu99;
				GCC_DYNAMIC_NO_PIC = NO;
				GCC_OPTIMIZATION_LEVEL = 0;
				GCC_PREPROCESSOR_DEFINITIONS = (
					"DEBUG=1",
					"$(inherited)",
				);
				GCC_SYMBOLS_PRIVATE_EXTERN = NO;
				GCC_WARN_64_TO_32_BIT_CONVERSION = YES;
				GCC_WARN_ABOUT_RETURN_TYPE = YES_ERROR;
				GCC_WARN_UNDECLARED_SELECTOR = YES;
				GCC_WARN_UNINITIALIZED_AUTOS = YES_AGGRESSIVE;
				GCC_WARN_UNUSED_FUNCTION = YES;
				GCC_WARN_UNUSED_VARIABLE = YES;
				IPHONEOS_DEPLOYMENT_TARGET = 8.2;
				MTL_ENABLE_DEBUG_INFO = YES;
				ONLY_ACTIVE_ARCH = YES;
				SDKROOT = iphoneos;
				TARGETED_DEVICE_FAMILY = "1,2";
			};
			name = Debug;
		};
		39EA8F381AB127DB001F9B79 /* Release */ = {
			isa = XCBuildConfiguration;
			buildSettings = {
				ALWAYS_SEARCH_USER_PATHS = NO;
				CLANG_CXX_LANGUAGE_STANDARD = "gnu++0x";
				CLANG_CXX_LIBRARY = "libc++";
				CLANG_ENABLE_MODULES = YES;
				CLANG_ENABLE_OBJC_ARC = YES;
				CLANG_WARN_BOOL_CONVERSION = YES;
				CLANG_WARN_CONSTANT_CONVERSION = YES;
				CLANG_WARN_DIRECT_OBJC_ISA_USAGE = YES_ERROR;
				CLANG_WARN_EMPTY_BODY = YES;
				CLANG_WARN_ENUM_CONVERSION = YES;
				CLANG_WARN_INT_CONVERSION = YES;
				CLANG_WARN_OBJC_ROOT_CLASS = YES_ERROR;
				CLANG_WARN_UNREACHABLE_CODE = YES;
				CLANG_WARN__DUPLICATE_METHOD_MATCH = YES;
				"CODE_SIGN_IDENTITY[sdk=iphoneos*]" = "iPhone Developer";
				COPY_PHASE_STRIP = NO;
				ENABLE_NS_ASSERTIONS = NO;
				ENABLE_STRICT_OBJC_MSGSEND = YES;
				GCC_C_LANGUAGE_STANDARD = gnu99;
				GCC_WARN_64_TO_32_BIT_CONVERSION = YES;
				GCC_WARN_ABOUT_RETURN_TYPE = YES_ERROR;
				GCC_WARN_UNDECLARED_SELECTOR = YES;
				GCC_WARN_UNINITIALIZED_AUTOS = YES_AGGRESSIVE;
				GCC_WARN_UNUSED_FUNCTION = YES;
				GCC_WARN_UNUSED_VARIABLE = YES;
				IPHONEOS_DEPLOYMENT_TARGET = 8.2;
				MTL_ENABLE_DEBUG_INFO = NO;
				SDKROOT = iphoneos;
				TARGETED_DEVICE_FAMILY = "1,2";
				VALIDATE_PRODUCT = YES;
			};
			name = Release;
		};
		39EA8F3A1AB127DB001F9B79 /* Debug */ = {
			isa = XCBuildConfiguration;
			buildSettings = {
				ASSETCATALOG_COMPILER_APPICON_NAME = AppIcon;
				INFOPLIST_FILE = BLEDemo/Info.plist;
				LD_RUNPATH_SEARCH_PATHS = "$(inherited) @executable_path/Frameworks";
				PRODUCT_NAME = "$(TARGET_NAME)";
			};
			name = Debug;
		};
		39EA8F3B1AB127DB001F9B79 /* Release */ = {
			isa = XCBuildConfiguration;
			buildSettings = {
				ASSETCATALOG_COMPILER_APPICON_NAME = AppIcon;
				INFOPLIST_FILE = BLEDemo/Info.plist;
				LD_RUNPATH_SEARCH_PATHS = "$(inherited) @executable_path/Frameworks";
				PRODUCT_NAME = "$(TARGET_NAME)";
			};
			name = Release;
		};
		39EA8F3D1AB127DB001F9B79 /* Debug */ = {
			isa = XCBuildConfiguration;
			buildSettings = {
				BUNDLE_LOADER = "$(TEST_HOST)";
				FRAMEWORK_SEARCH_PATHS = (
					"$(SDKROOT)/Developer/Library/Frameworks",
					"$(inherited)",
				);
				GCC_PREPROCESSOR_DEFINITIONS = (
					"DEBUG=1",
					"$(inherited)",
				);
				INFOPLIST_FILE = BLEDemoTests/Info.plist;
				LD_RUNPATH_SEARCH_PATHS = "$(inherited) @executable_path/Frameworks @loader_path/Frameworks";
				PRODUCT_NAME = "$(TARGET_NAME)";
				TEST_HOST = "$(BUILT_PRODUCTS_DIR)/BLEDemo.app/BLEDemo";
			};
			name = Debug;
		};
		39EA8F3E1AB127DB001F9B79 /* Release */ = {
			isa = XCBuildConfiguration;
			buildSettings = {
				BUNDLE_LOADER = "$(TEST_HOST)";
				FRAMEWORK_SEARCH_PATHS = (
					"$(SDKROOT)/Developer/Library/Frameworks",
					"$(inherited)",
				);
				INFOPLIST_FILE = BLEDemoTests/Info.plist;
				LD_RUNPATH_SEARCH_PATHS = "$(inherited) @executable_path/Frameworks @loader_path/Frameworks";
				PRODUCT_NAME = "$(TARGET_NAME)";
				TEST_HOST = "$(BUILT_PRODUCTS_DIR)/BLEDemo.app/BLEDemo";
			};
			name = Release;
		};
/* End XCBuildConfiguration section */

/* Begin XCConfigurationList section */
		39EA8F0E1AB127DB001F9B79 /* Build configuration list for PBXProject "BLEDemo" */ = {
			isa = XCConfigurationList;
			buildConfigurations = (
				39EA8F371AB127DB001F9B79 /* Debug */,
				39EA8F381AB127DB001F9B79 /* Release */,
			);
			defaultConfigurationIsVisible = 0;
			defaultConfigurationName = Release;
		};
		39EA8F391AB127DB001F9B79 /* Build configuration list for PBXNativeTarget "BLEDemo" */ = {
			isa = XCConfigurationList;
			buildConfigurations = (
				39EA8F3A1AB127DB001F9B79 /* Debug */,
				39EA8F3B1AB127DB001F9B79 /* Release */,
			);
			defaultConfigurationIsVisible = 0;
		};
		39EA8F3C1AB127DB001F9B79 /* Build configuration list for PBXNativeTarget "BLEDemoTests" */ = {
			isa = XCConfigurationList;
			buildConfigurations = (
				39EA8F3D1AB127DB001F9B79 /* Debug */,
				39EA8F3E1AB127DB001F9B79 /* Release */,
			);
			defaultConfigurationIsVisible = 0;
		};
/* End XCConfigurationList section */
	};
	rootObject = 39EA8F0B1AB127DB001F9B79 /* Project object */;
}
